// !$*UTF8*$!
{
	archiveVersion = 1;
	classes = {
	};
	objectVersion = 46;
	objects = {

/* Begin PBXBuildFile section */
		ED682ADC1E8251C40080F553 /* AppDelegate.swift in Sources */ = {isa = PBXBuildFile; fileRef = ED682ADB1E8251C40080F553 /* AppDelegate.swift */; };
		ED682ADE1E8251C40080F553 /* ViewController.swift in Sources */ = {isa = PBXBuildFile; fileRef = ED682ADD1E8251C40080F553 /* ViewController.swift */; };
		ED682AE11E8251C40080F553 /* Main.storyboard in Resources */ = {isa = PBXBuildFile; fileRef = ED682ADF1E8251C40080F553 /* Main.storyboard */; };
		ED682AE31E8251C40080F553 /* Assets.xcassets in Resources */ = {isa = PBXBuildFile; fileRef = ED682AE21E8251C40080F553 /* Assets.xcassets */; };
		ED682AE61E8251C40080F553 /* LaunchScreen.storyboard in Resources */ = {isa = PBXBuildFile; fileRef = ED682AE41E8251C40080F553 /* LaunchScreen.storyboard */; };
/* End PBXBuildFile section */

/* Begin PBXFileReference section */
		ED682AD81E8251C40080F553 /* caclucate.app */ = {isa = PBXFileReference; explicitFileType = wrapper.application; includeInIndex = 0; path = caclucate.app; sourceTree = BUILT_PRODUCTS_DIR; };
		ED682ADB1E8251C40080F553 /* AppDelegate.swift */ = {isa = PBXFileReference; lastKnownFileType = sourcecode.swift; path = AppDelegate.swift; sourceTree = "<group>"; };
		ED682ADD1E8251C40080F553 /* ViewController.swift */ = {isa = PBXFileReference; lastKnownFileType = sourcecode.swift; path = ViewController.swift; sourceTree = "<group>"; };
		ED682AE01E8251C40080F553 /* Base */ = {isa = PBXFileReference; lastKnownFileType = file.storyboard; name = Base; path = Base.lproj/Main.storyboard; sourceTree = "<group>"; };
		ED682AE21E8251C40080F553 /* Assets.xcassets */ = {isa = PBXFileReference; lastKnownFileType = folder.assetcatalog; path = Assets.xcassets; sourceTree = "<group>"; };
		ED682AE51E8251C40080F553 /* Base */ = {isa = PBXFileReference; lastKnownFileType = file.storyboard; name = Base; path = Base.lproj/LaunchScreen.storyboard; sourceTree = "<group>"; };
		ED682AE71E8251C40080F553 /* Info.plist */ = {isa = PBXFileReference; lastKnownFileType = text.plist.xml; path = Info.plist; sourceTree = "<group>"; };
/* End PBXFileReference section */

/* Begin PBXFrameworksBuildPhase section */
		ED682AD51E8251C40080F553 /* Frameworks */ = {
			isa = PBXFrameworksBuildPhase;
			buildActionMask = 2147483647;
			files = (
			);
			runOnlyForDeploymentPostprocessing = 0;
		};
/* End PBXFrameworksBuildPhase section */

/* Begin PBXGroup section */
		ED682ACF1E8251C40080F553 = {
			isa = PBXGroup;
			children = (
				ED682ADA1E8251C40080F553 /* caclucate */,
				ED682AD91E8251C40080F553 /* Products */,
			);
			sourceTree = "<group>";
		};
		ED682AD91E8251C40080F553 /* Products */ = {
			isa = PBXGroup;
			children = (
				ED682AD81E8251C40080F553 /* caclucate.app */,
			);
			name = Products;
			sourceTree = "<group>";
		};
		ED682ADA1E8251C40080F553 /* caclucate */ = {
			isa = PBXGroup;
			children = (
				ED682ADB1E8251C40080F553 /* AppDelegate.swift */,
				ED682ADD1E8251C40080F553 /* ViewController.swift */,
				ED682ADF1E8251C40080F553 /* Main.storyboard */,
				ED682AE21E8251C40080F553 /* Assets.xcassets */,
				ED682AE41E8251C40080F553 /* LaunchScreen.storyboard */,
				ED682AE71E8251C40080F553 /* Info.plist */,
			);
			path = caclucate;
			sourceTree = "<group>";
		};
/* End PBXGroup section */

/* Begin PBXNativeTarget section */
		ED682AD71E8251C40080F553 /* caclucate */ = {
			isa = PBXNativeTarget;
			buildConfigurationList = ED682AEA1E8251C40080F553 /* Build configuration list for PBXNativeTarget "caclucate" */;
			buildPhases = (
				ED682AD41E8251C40080F553 /* Sources */,
				ED682AD51E8251C40080F553 /* Frameworks */,
				ED682AD61E8251C40080F553 /* Resources */,
			);
			buildRules = (
			);
			dependencies = (
			);
			name = caclucate;
			productName = caclucate;
			productReference = ED682AD81E8251C40080F553 /* caclucate.app */;
			productType = "com.apple.product-type.application";
		};
/* End PBXNativeTarget section */

/* Begin PBXProject section */
		ED682AD01E8251C40080F553 /* Project object */ = {
			isa = PBXProject;
			attributes = {
				LastSwiftUpdateCheck = 0820;
				LastUpgradeCheck = 0820;
				ORGANIZATIONNAME = "吕汐";
				TargetAttributes = {
					ED682AD71E8251C40080F553 = {
						CreatedOnToolsVersion = 8.2.1;
						ProvisioningStyle = Automatic;
					};
				};
			};
			buildConfigurationList = ED682AD31E8251C40080F553 /* Build configuration list for PBXProject "caclucate" */;
			compatibilityVersion = "Xcode 3.2";
			developmentRegion = English;
			hasScannedForEncodings = 0;
			knownRegions = (
				en,
				Base,
			);
			mainGroup = ED682ACF1E8251C40080F553;
			productRefGroup = ED682AD91E8251C40080F553 /* Products */;
			projectDirPath = "";
			projectRoot = "";
			targets = (
				ED682AD71E8251C40080F553 /* caclucate */,
			);
		};
/* End PBXProject section */

/* Begin PBXResourcesBuildPhase section */
		ED682AD61E8251C40080F553 /* Resources */ = {
			isa = PBXResourcesBuildPhase;
			buildActionMask = 2147483647;
			files = (
				ED682AE61E8251C40080F553 /* LaunchScreen.storyboard in Resources */,
				ED682AE31E8251C40080F553 /* Assets.xcassets in Resources */,
				ED682AE11E8251C40080F553 /* Main.storyboard in Resources */,
			);
			runOnlyForDeploymentPostprocessing = 0;
		};
/* End PBXResourcesBuildPhase section */

/* Begin PBXSourcesBuildPhase section */
		ED682AD41E8251C40080F553 /* Sources */ = {
			isa = PBXSourcesBuildPhase;
			buildActionMask = 2147483647;
			files = (
				ED682ADE1E8251C40080F553 /* ViewController.swift in Sources */,
				ED682ADC1E8251C40080F553 /* AppDelegate.swift in Sources */,
			);
			runOnlyForDeploymentPostprocessing = 0;
		};
/* End PBXSourcesBuildPhase section */

/* Begin PBXVariantGroup section */
		ED682ADF1E8251C40080F553 /* Main.storyboard */ = {
			isa = PBXVariantGroup;
			children = (
				ED682AE01E8251C40080F553 /* Base */,
			);
			name = Main.storyboard;
			sourceTree = "<group>";
		};
		ED682AE41E8251C40080F553 /* LaunchScreen.storyboard */ = {
			isa = PBXVariantGroup;
			children = (
				ED682AE51E8251C40080F553 /* Base */,
			);
			name = LaunchScreen.storyboard;
			sourceTree = "<group>";
		};
/* End PBXVariantGroup section */

/* Begin XCBuildConfiguration section */
		ED682AE81E8251C40080F553 /* Debug */ = {
			isa = XCBuildConfiguration;
			buildSettings = {
				ALWAYS_SEARCH_USER_PATHS = NO;
				CLANG_ANALYZER_NONNULL = YES;
				CLANG_CXX_LANGUAGE_STANDARD = "gnu++0x";
				CLANG_CXX_LIBRARY = "libc++";
				CLANG_ENABLE_MODULES = YES;
				CLANG_ENABLE_OBJC_ARC = YES;
				CLANG_WARN_BOOL_CONVERSION = YES;
				CLANG_WARN_CONSTANT_CONVERSION = YES;
				CLANG_WARN_DIRECT_OBJC_ISA_USAGE = YES_ERROR;
				CLANG_WARN_DOCUMENTATION_COMMENTS = YES;
				CLANG_WARN_EMPTY_BODY = YES;
				CLANG_WARN_ENUM_CONVERSION = YES;
				CLANG_WARN_INFINITE_RECURSION = YES;
				CLANG_WARN_INT_CONVERSION = YES;
				CLANG_WARN_OBJC_ROOT_CLASS = YES_ERROR;
				CLANG_WARN_SUSPICIOUS_MOVE = YES;
				CLANG_WARN_UNREACHABLE_CODE = YES;
				CLANG_WARN__DUPLICATE_METHOD_MATCH = YES;
				"CODE_SIGN_IDENTITY[sdk=iphoneos*]" = "iPhone Developer";
				COPY_PHASE_STRIP = NO;
				DEBUG_INFORMATION_FORMAT = dwarf;
				ENABLE_STRICT_OBJC_MSGSEND = YES;
				ENABLE_TESTABILITY = YES;
				GCC_C_LANGUAGE_STANDARD = gnu99;
				GCC_DYNAMIC_NO_PIC = NO;
				GCC_NO_COMMON_BLOCKS = YES;
				GCC_OPTIMIZATION_LEVEL = 0;
				GCC_PREPROCESSOR_DEFINITIONS = (
					"DEBUG=1",
					"$(inherited)",
				);
				GCC_WARN_64_TO_32_BIT_CONVERSION = YES;
				GCC_WARN_ABOUT_RETURN_TYPE = YES_ERROR;
				GCC_WARN_UNDECLARED_SELECTOR = YES;
				GCC_WARN_UNINITIALIZED_AUTOS = YES_AGGRESSIVE;
				GCC_WARN_UNUSED_FUNCTION = YES;
				GCC_WARN_UNUSED_VARIABLE = YES;
				IPHONEOS_DEPLOYMENT_TARGET = 10.2;
				MTL_ENABLE_DEBUG_INFO = YES;
				ONLY_ACTIVE_ARCH = YES;
				SDKROOT = iphoneos;
				SWIFT_ACTIVE_COMPILATION_CONDITIONS = DEBUG;
				SWIFT_OPTIMIZATION_LEVEL = "-Onone";
				TARGETED_DEVICE_FAMILY = "1,2";
			};
			name = Debug;
		};
		ED682AE91E8251C40080F553 /* Release */ = {
			isa = XCBuildConfiguration;
			buildSettings = {
				ALWAYS_SEARCH_USER_PATHS = NO;
				CLANG_ANALYZER_NONNULL = YES;
				CLANG_CXX_LANGUAGE_STANDARD = "gnu++0x";
				CLANG_CXX_LIBRARY = "libc++";
				CLANG_ENABLE_MODULES = YES;
				CLANG_ENABLE_OBJC_ARC = YES;
				CLANG_WARN_BOOL_CONVERSION = YES;
				CLANG_WARN_CONSTANT_CONVERSION = YES;
				CLANG_WARN_DIRECT_OBJC_ISA_USAGE = YES_ERROR;
				CLANG_WARN_DOCUMENTATION_COMMENTS = YES;
				CLANG_WARN_EMPTY_BODY = YES;
				CLANG_WARN_ENUM_CONVERSION = YES;
				CLANG_WARN_INFINITE_RECURSION = YES;
				CLANG_WARN_INT_CONVERSION = YES;
				CLANG_WARN_OBJC_ROOT_CLASS = YES_ERROR;
				CLANG_WARN_SUSPICIOUS_MOVE = YES;
				CLANG_WARN_UNREACHABLE_CODE = YES;
				CLANG_WARN__DUPLICATE_METHOD_MATCH = YES;
				"CODE_SIGN_IDENTITY[sdk=iphoneos*]" = "iPhone Developer";
				COPY_PHASE_STRIP = NO;
				DEBUG_INFORMATION_FORMAT = "dwarf-with-dsym";
				ENABLE_NS_ASSERTIONS = NO;
				ENABLE_STRICT_OBJC_MSGSEND = YES;
				GCC_C_LANGUAGE_STANDARD = gnu99;
				GCC_NO_COMMON_BLOCKS = YES;
				GCC_WARN_64_TO_32_BIT_CONVERSION = YES;
				GCC_WARN_ABOUT_RETURN_TYPE = YES_ERROR;
				GCC_WARN_UNDECLARED_SELECTOR = YES;
				GCC_WARN_UNINITIALIZED_AUTOS = YES_AGGRESSIVE;
				GCC_WARN_UNUSED_FUNCTION = YES;
				GCC_WARN_UNUSED_VARIABLE = YES;
				IPHONEOS_DEPLOYMENT_TARGET = 10.2;
				MTL_ENABLE_DEBUG_INFO = NO;
				SDKROOT = iphoneos;
				SWIFT_OPTIMIZATION_LEVEL = "-Owholemodule";
				TARGETED_DEVICE_FAMILY = "1,2";
				VALIDATE_PRODUCT = YES;
			};
			name = Release;
		};
		ED682AEB1E8251C40080F553 /* Debug */ = {
			isa = XCBuildConfiguration;
			buildSettings = {
				ASSETCATALOG_COMPILER_APPICON_NAME = AppIcon;
				INFOPLIST_FILE = caclucate/Info.plist;
				LD_RUNPATH_SEARCH_PATHS = "$(inherited) @executable_path/Frameworks";
				PRODUCT_BUNDLE_IDENTIFIER = com.xb.lc.caclucate;
				PRODUCT_NAME = "$(TARGET_NAME)";
				SWIFT_VERSION = 3.0;
			};
			name = Debug;
		};
		ED682AEC1E8251C40080F553 /* Release */ = {
			isa = XCBuildConfiguration;
			buildSettings = {
				ASSETCATALOG_COMPILER_APPICON_NAME = AppIcon;
				INFOPLIST_FILE = caclucate/Info.plist;
				LD_RUNPATH_SEARCH_PATHS = "$(inherited) @executable_path/Frameworks";
				PRODUCT_BUNDLE_IDENTIFIER = com.xb.lc.caclucate;
				PRODUCT_NAME = "$(TARGET_NAME)";
				SWIFT_VERSION = 3.0;
			};
			name = Release;
		};
/* End XCBuildConfiguration section */

/* Begin XCConfigurationList section */
		ED682AD31E8251C40080F553 /* Build configuration list for PBXProject "caclucate" */ = {
			isa = XCConfigurationList;
			buildConfigurations = (
				ED682AE81E8251C40080F553 /* Debug */,
				ED682AE91E8251C40080F553 /* Release */,
			);
			defaultConfigurationIsVisible = 0;
			defaultConfigurationName = Release;
		};
		ED682AEA1E8251C40080F553 /* Build configuration list for PBXNativeTarget "caclucate" */ = {
			isa = XCConfigurationList;
			buildConfigurations = (
				ED682AEB1E8251C40080F553 /* Debug */,
				ED682AEC1E8251C40080F553 /* Release */,
			);
			defaultConfigurationIsVisible = 0;
		};
/* End XCConfigurationList section */
	};
	rootObject = ED682AD01E8251C40080F553 /* Project object */;
}
